
Microsoft Visual Studio Solution File, Format Version 12.00
# Visual Studio Version 17
VisualStudioVersion = 17.2.32526.322
MinimumVisualStudioVersion = 10.0.40219.1
Project("{FAE04EC0-301F-11D3-BF4B-00C04F79EFBC}") = "Week9ObjectsAndClassesHW", "Week9ObjectsAndClassesHW\Week9ObjectsAndClassesHW.csproj", "{EAB6E259-4773-4120-BB18-1A1700F03BD6}"
EndProject
Global
	GlobalSection(SolutionConfigurationPlatforms) = preSolution
		Debug|Any CPU = Debug|Any CPU
		Release|Any CPU = Release|Any CPU
	EndGlobalSection
	GlobalSection(ProjectConfigurationPlatforms) = postSolution
		{EAB6E259-4773-4120-BB18-1A1700F03BD6}.Debug|Any CPU.ActiveCfg = Debug|Any CPU
		{EAB6E259-4773-4120-BB18-1A1700F03BD6}.Debug|Any CPU.Build.0 = Debug|Any CPU
		{EAB6E259-4773-4120-BB18-1A1700F03BD6}.Release|Any CPU.ActiveCfg = Release|Any CPU
		{EAB6E259-4773-4120-BB18-1A1700F03BD6}.Release|Any CPU.Build.0 = Release|Any CPU
	EndGlobalSection
	GlobalSection(SolutionProperties) = preSolution
		HideSolutionNode = FALSE
	EndGlobalSection
	GlobalSection(ExtensibilityGlobals) = postSolution
		SolutionGuid = {6209C4DE-321A-44D1-A540-BB30A091CCA6}
	EndGlobalSection
EndGlobal
